
Microsoft Visual Studio Solution File, Format Version 12.00
# Visual Studio Version 16
VisualStudioVersion = 16.0.30503.244
MinimumVisualStudioVersion = 10.0.40219.1
Project("{FAE04EC0-301F-11D3-BF4B-00C04F79EFBC}") = "Ödev - 4. Gün", "Ödev - 4. Gün\Ödev - 4. Gün.csproj", "{0E0C4A6C-5E33-4D49-97BE-02806E5AFCEC}"
EndProject
Global
	GlobalSection(SolutionConfigurationPlatforms) = preSolution
		Debug|Any CPU = Debug|Any CPU
		Release|Any CPU = Release|Any CPU
	EndGlobalSection
	GlobalSection(ProjectConfigurationPlatforms) = postSolution
		{0E0C4A6C-5E33-4D49-97BE-02806E5AFCEC}.Debug|Any CPU.ActiveCfg = Debug|Any CPU
		{0E0C4A6C-5E33-4D49-97BE-02806E5AFCEC}.Debug|Any CPU.Build.0 = Debug|Any CPU
		{0E0C4A6C-5E33-4D49-97BE-02806E5AFCEC}.Release|Any CPU.ActiveCfg = Release|Any CPU
		{0E0C4A6C-5E33-4D49-97BE-02806E5AFCEC}.Release|Any CPU.Build.0 = Release|Any CPU
	EndGlobalSection
	GlobalSection(SolutionProperties) = preSolution
		HideSolutionNode = FALSE
	EndGlobalSection
	GlobalSection(ExtensibilityGlobals) = postSolution
		SolutionGuid = {DEA7B0A2-13F0-44FD-89E1-B7618E51C042}
	EndGlobalSection
EndGlobal
